
Microsoft Visual Studio Solution File, Format Version 12.00
# Visual Studio Version 16
VisualStudioVersion = 16.0.31702.278
MinimumVisualStudioVersion = 10.0.40219.1
Project("{9A19103F-16F7-4668-BE54-9A1E7A4F7556}") = "StringMethods", "video2\StringMethods.csproj", "{0D7E2B87-B8A9-496F-8447-FDEC69053931}"
EndProject
Project("{9A19103F-16F7-4668-BE54-9A1E7A4F7556}") = "video3", "video3\video3.csproj", "{5C3B11BF-E2E3-4F4F-A159-1DFCBA01CCAC}"
EndProject
Project("{9A19103F-16F7-4668-BE54-9A1E7A4F7556}") = "video4", "video4\video4.csproj", "{291697A8-AE24-4B7B-AAAE-6E72A583515A}"
EndProject
Project("{9A19103F-16F7-4668-BE54-9A1E7A4F7556}") = "video5", "video5\video5.csproj", "{55FD99FA-BFDF-4E1A-87BC-66201295A20E}"
EndProject
Project("{9A19103F-16F7-4668-BE54-9A1E7A4F7556}") = "video5(generic lesson)", "video5(generic lesson)\video5(generic lesson).csproj", "{7F518431-A28A-45B1-B69A-62A109A6C4DD}"
EndProject
Project("{9A19103F-16F7-4668-BE54-9A1E7A4F7556}") = "example", "example\example.csproj", "{CB75EF7D-05AD-4EA3-BFB8-5A0F16B19DED}"
EndProject
Project("{9A19103F-16F7-4668-BE54-9A1E7A4F7556}") = "task", "task\task.csproj", "{2931DF93-3052-4BB7-BAAE-FEBC0B801E37}"
EndProject
Project("{9A19103F-16F7-4668-BE54-9A1E7A4F7556}") = "video7", "video7\video7.csproj", "{FE89B300-D71B-4418-8F79-BB76C14433DE}"
EndProject
Project("{9A19103F-16F7-4668-BE54-9A1E7A4F7556}") = "video7(lesson)", "video7(lesson)\video7(lesson).csproj", "{605070E3-1DEA-48BA-942B-A2294B2FD88B}"
EndProject
Project("{9A19103F-16F7-4668-BE54-9A1E7A4F7556}") = "video9", "video9\video9.csproj", "{BE8B5C3A-E6CF-4AB6-8FA1-682D9AD56264}"
EndProject
Project("{9A19103F-16F7-4668-BE54-9A1E7A4F7556}") = "hackerRank", "hackerRank\hackerRank.csproj", "{9FC02957-720B-4BE2-BB39-45118A102526}"
EndProject
Project("{9A19103F-16F7-4668-BE54-9A1E7A4F7556}") = "examp", "examp\examp.csproj", "{219C9FD2-726E-4343-9EB2-341097433B77}"
EndProject
Project("{9A19103F-16F7-4668-BE54-9A1E7A4F7556}") = "video11(task)", "video11(task)\video11(task).csproj", "{D5C490EB-AD6B-4243-AA6D-8B51580DE3AB}"
EndProject
Project("{9A19103F-16F7-4668-BE54-9A1E7A4F7556}") = "video12", "video12\video12.csproj", "{F102C569-8385-4FCA-99A8-59B3B63B9C68}"
EndProject
Project("{9A19103F-16F7-4668-BE54-9A1E7A4F7556}") = "tasklesson", "tasklesson\tasklesson.csproj", "{82D98090-B44E-4E4F-9517-E7DB3C8606A6}"
EndProject
Project("{9A19103F-16F7-4668-BE54-9A1E7A4F7556}") = "video13", "video13\video13.csproj", "{1EB39A19-B39A-45EA-AE82-BCAE0A81ABAE}"
EndProject
Project("{9A19103F-16F7-4668-BE54-9A1E7A4F7556}") = "ex", "ex\ex.csproj", "{CE57CBD3-43A0-40D3-AA3B-4AA3DC3DC8F8}"
EndProject
Project("{FAE04EC0-301F-11D3-BF4B-00C04F79EFBC}") = "video14", "video14\video14.csproj", "{A0A7F9FD-E917-4B85-91E4-7194C5CC37B6}"
EndProject
Project("{9A19103F-16F7-4668-BE54-9A1E7A4F7556}") = "WinFormsApp1", "WinFormsApp1\WinFormsApp1.csproj", "{19923866-F079-4B28-B6AB-094E117F2375}"
EndProject
Project("{9A19103F-16F7-4668-BE54-9A1E7A4F7556}") = "video15", "video15\video15.csproj", "{C5428F8F-16BF-4D66-9954-4B9BE173D23F}"
EndProject
Project("{FAE04EC0-301F-11D3-BF4B-00C04F79EFBC}") = "video16", "video16\video16.csproj", "{9D7AE059-FCE6-4DCF-878E-6D81FB0CA2DC}"
EndProject
Project("{9A19103F-16F7-4668-BE54-9A1E7A4F7556}") = "winform16", "winform16\winform16.csproj", "{AA1954FA-A225-4FF8-83D0-B711A854E473}"
EndProject
Project("{9A19103F-16F7-4668-BE54-9A1E7A4F7556}") = "winform17", "winform17\winform17.csproj", "{9DE7806B-7F1D-40D1-9A76-D839EF12576B}"
EndProject
Project("{FAE04EC0-301F-11D3-BF4B-00C04F79EFBC}") = "video17", "video17\video17.csproj", "{69A54BB4-C40E-48ED-9855-1F14CB73A59C}"
EndProject
Project("{9A19103F-16F7-4668-BE54-9A1E7A4F7556}") = "threadWinform", "threadWinform\threadWinform.csproj", "{A24763AE-2FE9-46A8-AD77-DBF63C2A51CB}"
EndProject
Project("{FAE04EC0-301F-11D3-BF4B-00C04F79EFBC}") = "video18", "video18\video18.csproj", "{349AB8A2-126C-43E0-8E44-92A8EA179D85}"
EndProject
Project("{FAE04EC0-301F-11D3-BF4B-00C04F79EFBC}") = "video19", "video19\video19.csproj", "{AC82C825-A966-43E3-9DB5-69C0FFEA8C59}"
EndProject
Project("{FAE04EC0-301F-11D3-BF4B-00C04F79EFBC}") = "video20", "video20\video20.csproj", "{DDF4534A-58C7-423C-95D1-6257D4A570A3}"
EndProject
Project("{FAE04EC0-301F-11D3-BF4B-00C04F79EFBC}") = "video21", "video21\video21.csproj", "{64353DD1-B037-474B-81BE-427EE1C2D066}"
EndProject
Project("{FAE04EC0-301F-11D3-BF4B-00C04F79EFBC}") = "video24", "video24\video24.csproj", "{FB252FCC-E1EC-4E23-BB49-87734D491777}"
EndProject
Project("{FAE04EC0-301F-11D3-BF4B-00C04F79EFBC}") = "Video25(task)", "Video25(task)\Video25(task).csproj", "{B72007E1-30A7-4BEB-B7CE-C98AA3304341}"
EndProject
Project("{FAE04EC0-301F-11D3-BF4B-00C04F79EFBC}") = "video25(DisconnctedModel)", "video25(DisconnctedModel)\video25(DisconnctedModel).csproj", "{EBC76D6F-6830-462E-B100-675B2B5175A3}"
EndProject
Project("{FAE04EC0-301F-11D3-BF4B-00C04F79EFBC}") = "video25(EntityFm)", "video25(EntityFm)\video25(EntityFm).csproj", "{8E6F8CAF-2C39-4CD2-8AF4-B2F6AD97CAD9}"
EndProject
Project("{FAE04EC0-301F-11D3-BF4B-00C04F79EFBC}") = "video26", "video26\video26.csproj", "{C14964D9-2C2A-4602-A8EB-4BDA218E9861}"
EndProject
Project("{FAE04EC0-301F-11D3-BF4B-00C04F79EFBC}") = "ConsoleApp1", "ConsoleApp1\ConsoleApp1.csproj", "{0BCBBA77-07CB-4E2B-B37E-B5F85D11B837}"
EndProject
Project("{FAE04EC0-301F-11D3-BF4B-00C04F79EFBC}") = "REepat", "REepat\REepat.csproj", "{D2FF611B-5A7C-4151-94D2-90EEEAE432EA}"
EndProject
Project("{FAE04EC0-301F-11D3-BF4B-00C04F79EFBC}") = "LibraryApi", "LibraryApi\LibraryApi.csproj", "{4F6E3D07-55AB-482E-9922-E7327A138CD8}"
EndProject
Project("{FAE04EC0-301F-11D3-BF4B-00C04F79EFBC}") = "taskRepeat", "taskRepeat\taskRepeat.csproj", "{C0A4E415-B63E-4D7B-BF81-FF2C116A1905}"
EndProject
Project("{9A19103F-16F7-4668-BE54-9A1E7A4F7556}") = "videoo28", "videoo28\videoo28.csproj", "{F38D7A03-692B-4DB5-97D8-FF56564EFB42}"
EndProject
Project("{9A19103F-16F7-4668-BE54-9A1E7A4F7556}") = "video29", "video29\video29.csproj", "{7A208DC2-3C78-4DF7-B29E-FF35D528E82E}"
EndProject
Project("{FAE04EC0-301F-11D3-BF4B-00C04F79EFBC}") = "masterClassTask", "masterClassTask\masterClassTask.csproj", "{6A921018-8F9B-4471-A962-8206C784AA87}"
EndProject
Project("{FAE04EC0-301F-11D3-BF4B-00C04F79EFBC}") = "pfapp", "pfapp\pfapp.csproj", "{37326324-0DCB-46CA-B61B-EA9D76174C17}"
EndProject
Project("{FAE04EC0-301F-11D3-BF4B-00C04F79EFBC}") = "allRepeat", "allRepeat\allRepeat.csproj", "{A66DD8B9-56A5-4176-A19F-6B5D59821EBD}"
EndProject
Project("{FAE04EC0-301F-11D3-BF4B-00C04F79EFBC}") = "reppf", "reppf\reppf.csproj", "{5B129834-05AB-4504-A7D4-8D1FFB27D0EF}"
EndProject
Global
	GlobalSection(SolutionConfigurationPlatforms) = preSolution
		Debug|Any CPU = Debug|Any CPU
		Release|Any CPU = Release|Any CPU
	EndGlobalSection
	GlobalSection(ProjectConfigurationPlatforms) = postSolution
		{0D7E2B87-B8A9-496F-8447-FDEC69053931}.Debug|Any CPU.ActiveCfg = Debug|Any CPU
		{0D7E2B87-B8A9-496F-8447-FDEC69053931}.Debug|Any CPU.Build.0 = Debug|Any CPU
		{0D7E2B87-B8A9-496F-8447-FDEC69053931}.Release|Any CPU.ActiveCfg = Release|Any CPU
		{0D7E2B87-B8A9-496F-8447-FDEC69053931}.Release|Any CPU.Build.0 = Release|Any CPU
		{5C3B11BF-E2E3-4F4F-A159-1DFCBA01CCAC}.Debug|Any CPU.ActiveCfg = Debug|Any CPU
		{5C3B11BF-E2E3-4F4F-A159-1DFCBA01CCAC}.Debug|Any CPU.Build.0 = Debug|Any CPU
		{5C3B11BF-E2E3-4F4F-A159-1DFCBA01CCAC}.Release|Any CPU.ActiveCfg = Release|Any CPU
		{5C3B11BF-E2E3-4F4F-A159-1DFCBA01CCAC}.Release|Any CPU.Build.0 = Release|Any CPU
		{291697A8-AE24-4B7B-AAAE-6E72A583515A}.Debug|Any CPU.ActiveCfg = Debug|Any CPU
		{291697A8-AE24-4B7B-AAAE-6E72A583515A}.Debug|Any CPU.Build.0 = Debug|Any CPU
		{291697A8-AE24-4B7B-AAAE-6E72A583515A}.Release|Any CPU.ActiveCfg = Release|Any CPU
		{291697A8-AE24-4B7B-AAAE-6E72A583515A}.Release|Any CPU.Build.0 = Release|Any CPU
		{55FD99FA-BFDF-4E1A-87BC-66201295A20E}.Debug|Any CPU.ActiveCfg = Debug|Any CPU
		{55FD99FA-BFDF-4E1A-87BC-66201295A20E}.Debug|Any CPU.Build.0 = Debug|Any CPU
		{55FD99FA-BFDF-4E1A-87BC-66201295A20E}.Release|Any CPU.ActiveCfg = Release|Any CPU
		{55FD99FA-BFDF-4E1A-87BC-66201295A20E}.Release|Any CPU.Build.0 = Release|Any CPU
		{7F518431-A28A-45B1-B69A-62A109A6C4DD}.Debug|Any CPU.ActiveCfg = Debug|Any CPU
		{7F518431-A28A-45B1-B69A-62A109A6C4DD}.Debug|Any CPU.Build.0 = Debug|Any CPU
		{7F518431-A28A-45B1-B69A-62A109A6C4DD}.Release|Any CPU.ActiveCfg = Release|Any CPU
		{7F518431-A28A-45B1-B69A-62A109A6C4DD}.Release|Any CPU.Build.0 = Release|Any CPU
		{CB75EF7D-05AD-4EA3-BFB8-5A0F16B19DED}.Debug|Any CPU.ActiveCfg = Debug|Any CPU
		{CB75EF7D-05AD-4EA3-BFB8-5A0F16B19DED}.Debug|Any CPU.Build.0 = Debug|Any CPU
		{CB75EF7D-05AD-4EA3-BFB8-5A0F16B19DED}.Release|Any CPU.ActiveCfg = Release|Any CPU
		{CB75EF7D-05AD-4EA3-BFB8-5A0F16B19DED}.Release|Any CPU.Build.0 = Release|Any CPU
		{2931DF93-3052-4BB7-BAAE-FEBC0B801E37}.Debug|Any CPU.ActiveCfg = Debug|Any CPU
		{2931DF93-3052-4BB7-BAAE-FEBC0B801E37}.Debug|Any CPU.Build.0 = Debug|Any CPU
		{2931DF93-3052-4BB7-BAAE-FEBC0B801E37}.Release|Any CPU.ActiveCfg = Release|Any CPU
		{2931DF93-3052-4BB7-BAAE-FEBC0B801E37}.Release|Any CPU.Build.0 = Release|Any CPU
		{FE89B300-D71B-4418-8F79-BB76C14433DE}.Debug|Any CPU.ActiveCfg = Debug|Any CPU
		{FE89B300-D71B-4418-8F79-BB76C14433DE}.Debug|Any CPU.Build.0 = Debug|Any CPU
		{FE89B300-D71B-4418-8F79-BB76C14433DE}.Release|Any CPU.ActiveCfg = Release|Any CPU
		{FE89B300-D71B-4418-8F79-BB76C14433DE}.Release|Any CPU.Build.0 = Release|Any CPU
		{605070E3-1DEA-48BA-942B-A2294B2FD88B}.Debug|Any CPU.ActiveCfg = Debug|Any CPU
		{605070E3-1DEA-48BA-942B-A2294B2FD88B}.Debug|Any CPU.Build.0 = Debug|Any CPU
		{605070E3-1DEA-48BA-942B-A2294B2FD88B}.Release|Any CPU.ActiveCfg = Release|Any CPU
		{605070E3-1DEA-48BA-942B-A2294B2FD88B}.Release|Any CPU.Build.0 = Release|Any CPU
		{BE8B5C3A-E6CF-4AB6-8FA1-682D9AD56264}.Debug|Any CPU.ActiveCfg = Debug|Any CPU
		{BE8B5C3A-E6CF-4AB6-8FA1-682D9AD56264}.Debug|Any CPU.Build.0 = Debug|Any CPU
		{BE8B5C3A-E6CF-4AB6-8FA1-682D9AD56264}.Release|Any CPU.ActiveCfg = Release|Any CPU
		{BE8B5C3A-E6CF-4AB6-8FA1-682D9AD56264}.Release|Any CPU.Build.0 = Release|Any CPU
		{9FC02957-720B-4BE2-BB39-45118A102526}.Debug|Any CPU.ActiveCfg = Debug|Any CPU
		{9FC02957-720B-4BE2-BB39-45118A102526}.Debug|Any CPU.Build.0 = Debug|Any CPU
		{9FC02957-720B-4BE2-BB39-45118A102526}.Release|Any CPU.ActiveCfg = Release|Any CPU
		{9FC02957-720B-4BE2-BB39-45118A102526}.Release|Any CPU.Build.0 = Release|Any CPU
		{219C9FD2-726E-4343-9EB2-341097433B77}.Debug|Any CPU.ActiveCfg = Debug|Any CPU
		{219C9FD2-726E-4343-9EB2-341097433B77}.Debug|Any CPU.Build.0 = Debug|Any CPU
		{219C9FD2-726E-4343-9EB2-341097433B77}.Release|Any CPU.ActiveCfg = Release|Any CPU
		{219C9FD2-726E-4343-9EB2-341097433B77}.Release|Any CPU.Build.0 = Release|Any CPU
		{D5C490EB-AD6B-4243-AA6D-8B51580DE3AB}.Debug|Any CPU.ActiveCfg = Debug|Any CPU
		{D5C490EB-AD6B-4243-AA6D-8B51580DE3AB}.Debug|Any CPU.Build.0 = Debug|Any CPU
		{D5C490EB-AD6B-4243-AA6D-8B51580DE3AB}.Release|Any CPU.ActiveCfg = Release|Any CPU
		{D5C490EB-AD6B-4243-AA6D-8B51580DE3AB}.Release|Any CPU.Build.0 = Release|Any CPU
		{F102C569-8385-4FCA-99A8-59B3B63B9C68}.Debug|Any CPU.ActiveCfg = Debug|Any CPU
		{F102C569-8385-4FCA-99A8-59B3B63B9C68}.Debug|Any CPU.Build.0 = Debug|Any CPU
		{F102C569-8385-4FCA-99A8-59B3B63B9C68}.Release|Any CPU.ActiveCfg = Release|Any CPU
		{F102C569-8385-4FCA-99A8-59B3B63B9C68}.Release|Any CPU.Build.0 = Release|Any CPU
		{82D98090-B44E-4E4F-9517-E7DB3C8606A6}.Debug|Any CPU.ActiveCfg = Debug|Any CPU
		{82D98090-B44E-4E4F-9517-E7DB3C8606A6}.Debug|Any CPU.Build.0 = Debug|Any CPU
		{82D98090-B44E-4E4F-9517-E7DB3C8606A6}.Release|Any CPU.ActiveCfg = Release|Any CPU
		{82D98090-B44E-4E4F-9517-E7DB3C8606A6}.Release|Any CPU.Build.0 = Release|Any CPU
		{1EB39A19-B39A-45EA-AE82-BCAE0A81ABAE}.Debug|Any CPU.ActiveCfg = Debug|Any CPU
		{1EB39A19-B39A-45EA-AE82-BCAE0A81ABAE}.Debug|Any CPU.Build.0 = Debug|Any CPU
		{1EB39A19-B39A-45EA-AE82-BCAE0A81ABAE}.Release|Any CPU.ActiveCfg = Release|Any CPU
		{1EB39A19-B39A-45EA-AE82-BCAE0A81ABAE}.Release|Any CPU.Build.0 = Release|Any CPU
		{CE57CBD3-43A0-40D3-AA3B-4AA3DC3DC8F8}.Debug|Any CPU.ActiveCfg = Debug|Any CPU
		{CE57CBD3-43A0-40D3-AA3B-4AA3DC3DC8F8}.Debug|Any CPU.Build.0 = Debug|Any CPU
		{CE57CBD3-43A0-40D3-AA3B-4AA3DC3DC8F8}.Release|Any CPU.ActiveCfg = Release|Any CPU
		{CE57CBD3-43A0-40D3-AA3B-4AA3DC3DC8F8}.Release|Any CPU.Build.0 = Release|Any CPU
		{A0A7F9FD-E917-4B85-91E4-7194C5CC37B6}.Debug|Any CPU.ActiveCfg = Debug|Any CPU
		{A0A7F9FD-E917-4B85-91E4-7194C5CC37B6}.Debug|Any CPU.Build.0 = Debug|Any CPU
		{A0A7F9FD-E917-4B85-91E4-7194C5CC37B6}.Release|Any CPU.ActiveCfg = Release|Any CPU
		{A0A7F9FD-E917-4B85-91E4-7194C5CC37B6}.Release|Any CPU.Build.0 = Release|Any CPU
		{19923866-F079-4B28-B6AB-094E117F2375}.Debug|Any CPU.ActiveCfg = Debug|Any CPU
		{19923866-F079-4B28-B6AB-094E117F2375}.Debug|Any CPU.Build.0 = Debug|Any CPU
		{19923866-F079-4B28-B6AB-094E117F2375}.Release|Any CPU.ActiveCfg = Release|Any CPU
		{19923866-F079-4B28-B6AB-094E117F2375}.Release|Any CPU.Build.0 = Release|Any CPU
		{C5428F8F-16BF-4D66-9954-4B9BE173D23F}.Debug|Any CPU.ActiveCfg = Debug|Any CPU
		{C5428F8F-16BF-4D66-9954-4B9BE173D23F}.Debug|Any CPU.Build.0 = Debug|Any CPU
		{C5428F8F-16BF-4D66-9954-4B9BE173D23F}.Release|Any CPU.ActiveCfg = Release|Any CPU
		{C5428F8F-16BF-4D66-9954-4B9BE173D23F}.Release|Any CPU.Build.0 = Release|Any CPU
		{9D7AE059-FCE6-4DCF-878E-6D81FB0CA2DC}.Debug|Any CPU.ActiveCfg = Debug|Any CPU
		{9D7AE059-FCE6-4DCF-878E-6D81FB0CA2DC}.Debug|Any CPU.Build.0 = Debug|Any CPU
		{9D7AE059-FCE6-4DCF-878E-6D81FB0CA2DC}.Release|Any CPU.ActiveCfg = Release|Any CPU
		{9D7AE059-FCE6-4DCF-878E-6D81FB0CA2DC}.Release|Any CPU.Build.0 = Release|Any CPU
		{AA1954FA-A225-4FF8-83D0-B711A854E473}.Debug|Any CPU.ActiveCfg = Debug|Any CPU
		{AA1954FA-A225-4FF8-83D0-B711A854E473}.Debug|Any CPU.Build.0 = Debug|Any CPU
		{AA1954FA-A225-4FF8-83D0-B711A854E473}.Release|Any CPU.ActiveCfg = Release|Any CPU
		{AA1954FA-A225-4FF8-83D0-B711A854E473}.Release|Any CPU.Build.0 = Release|Any CPU
		{9DE7806B-7F1D-40D1-9A76-D839EF12576B}.Debug|Any CPU.ActiveCfg = Debug|Any CPU
		{9DE7806B-7F1D-40D1-9A76-D839EF12576B}.Debug|Any CPU.Build.0 = Debug|Any CPU
		{9DE7806B-7F1D-40D1-9A76-D839EF12576B}.Release|Any CPU.ActiveCfg = Release|Any CPU
		{9DE7806B-7F1D-40D1-9A76-D839EF12576B}.Release|Any CPU.Build.0 = Release|Any CPU
		{69A54BB4-C40E-48ED-9855-1F14CB73A59C}.Debug|Any CPU.ActiveCfg = Debug|Any CPU
		{69A54BB4-C40E-48ED-9855-1F14CB73A59C}.Debug|Any CPU.Build.0 = Debug|Any CPU
		{69A54BB4-C40E-48ED-9855-1F14CB73A59C}.Release|Any CPU.ActiveCfg = Release|Any CPU
		{69A54BB4-C40E-48ED-9855-1F14CB73A59C}.Release|Any CPU.Build.0 = Release|Any CPU
		{A24763AE-2FE9-46A8-AD77-DBF63C2A51CB}.Debug|Any CPU.ActiveCfg = Debug|Any CPU
		{A24763AE-2FE9-46A8-AD77-DBF63C2A51CB}.Debug|Any CPU.Build.0 = Debug|Any CPU
		{A24763AE-2FE9-46A8-AD77-DBF63C2A51CB}.Release|Any CPU.ActiveCfg = Release|Any CPU
		{A24763AE-2FE9-46A8-AD77-DBF63C2A51CB}.Release|Any CPU.Build.0 = Release|Any CPU
		{349AB8A2-126C-43E0-8E44-92A8EA179D85}.Debug|Any CPU.ActiveCfg = Debug|Any CPU
		{349AB8A2-126C-43E0-8E44-92A8EA179D85}.Debug|Any CPU.Build.0 = Debug|Any CPU
		{349AB8A2-126C-43E0-8E44-92A8EA179D85}.Release|Any CPU.ActiveCfg = Release|Any CPU
		{349AB8A2-126C-43E0-8E44-92A8EA179D85}.Release|Any CPU.Build.0 = Release|Any CPU
		{AC82C825-A966-43E3-9DB5-69C0FFEA8C59}.Debug|Any CPU.ActiveCfg = Debug|Any CPU
		{AC82C825-A966-43E3-9DB5-69C0FFEA8C59}.Debug|Any CPU.Build.0 = Debug|Any CPU
		{AC82C825-A966-43E3-9DB5-69C0FFEA8C59}.Release|Any CPU.ActiveCfg = Release|Any CPU
		{AC82C825-A966-43E3-9DB5-69C0FFEA8C59}.Release|Any CPU.Build.0 = Release|Any CPU
		{DDF4534A-58C7-423C-95D1-6257D4A570A3}.Debug|Any CPU.ActiveCfg = Debug|Any CPU
		{DDF4534A-58C7-423C-95D1-6257D4A570A3}.Debug|Any CPU.Build.0 = Debug|Any CPU
		{DDF4534A-58C7-423C-95D1-6257D4A570A3}.Release|Any CPU.ActiveCfg = Release|Any CPU
		{DDF4534A-58C7-423C-95D1-6257D4A570A3}.Release|Any CPU.Build.0 = Release|Any CPU
		{64353DD1-B037-474B-81BE-427EE1C2D066}.Debug|Any CPU.ActiveCfg = Debug|Any CPU
		{64353DD1-B037-474B-81BE-427EE1C2D066}.Debug|Any CPU.Build.0 = Debug|Any CPU
		{64353DD1-B037-474B-81BE-427EE1C2D066}.Release|Any CPU.ActiveCfg = Release|Any CPU
		{64353DD1-B037-474B-81BE-427EE1C2D066}.Release|Any CPU.Build.0 = Release|Any CPU
		{FB252FCC-E1EC-4E23-BB49-87734D491777}.Debug|Any CPU.ActiveCfg = Debug|Any CPU
		{FB252FCC-E1EC-4E23-BB49-87734D491777}.Debug|Any CPU.Build.0 = Debug|Any CPU
		{FB252FCC-E1EC-4E23-BB49-87734D491777}.Release|Any CPU.ActiveCfg = Release|Any CPU
		{FB252FCC-E1EC-4E23-BB49-87734D491777}.Release|Any CPU.Build.0 = Release|Any CPU
		{B72007E1-30A7-4BEB-B7CE-C98AA3304341}.Debug|Any CPU.ActiveCfg = Debug|Any CPU
		{B72007E1-30A7-4BEB-B7CE-C98AA3304341}.Debug|Any CPU.Build.0 = Debug|Any CPU
		{B72007E1-30A7-4BEB-B7CE-C98AA3304341}.Release|Any CPU.ActiveCfg = Release|Any CPU
		{B72007E1-30A7-4BEB-B7CE-C98AA3304341}.Release|Any CPU.Build.0 = Release|Any CPU
		{EBC76D6F-6830-462E-B100-675B2B5175A3}.Debug|Any CPU.ActiveCfg = Debug|Any CPU
		{EBC76D6F-6830-462E-B100-675B2B5175A3}.Debug|Any CPU.Build.0 = Debug|Any CPU
		{EBC76D6F-6830-462E-B100-675B2B5175A3}.Release|Any CPU.ActiveCfg = Release|Any CPU
		{EBC76D6F-6830-462E-B100-675B2B5175A3}.Release|Any CPU.Build.0 = Release|Any CPU
		{8E6F8CAF-2C39-4CD2-8AF4-B2F6AD97CAD9}.Debug|Any CPU.ActiveCfg = Debug|Any CPU
		{8E6F8CAF-2C39-4CD2-8AF4-B2F6AD97CAD9}.Debug|Any CPU.Build.0 = Debug|Any CPU
		{8E6F8CAF-2C39-4CD2-8AF4-B2F6AD97CAD9}.Release|Any CPU.ActiveCfg = Release|Any CPU
		{8E6F8CAF-2C39-4CD2-8AF4-B2F6AD97CAD9}.Release|Any CPU.Build.0 = Release|Any CPU
		{C14964D9-2C2A-4602-A8EB-4BDA218E9861}.Debug|Any CPU.ActiveCfg = Debug|Any CPU
		{C14964D9-2C2A-4602-A8EB-4BDA218E9861}.Debug|Any CPU.Build.0 = Debug|Any CPU
		{C14964D9-2C2A-4602-A8EB-4BDA218E9861}.Release|Any CPU.ActiveCfg = Release|Any CPU
		{C14964D9-2C2A-4602-A8EB-4BDA218E9861}.Release|Any CPU.Build.0 = Release|Any CPU
		{0BCBBA77-07CB-4E2B-B37E-B5F85D11B837}.Debug|Any CPU.ActiveCfg = Debug|Any CPU
		{0BCBBA77-07CB-4E2B-B37E-B5F85D11B837}.Debug|Any CPU.Build.0 = Debug|Any CPU
		{0BCBBA77-07CB-4E2B-B37E-B5F85D11B837}.Release|Any CPU.ActiveCfg = Release|Any CPU
		{0BCBBA77-07CB-4E2B-B37E-B5F85D11B837}.Release|Any CPU.Build.0 = Release|Any CPU
		{D2FF611B-5A7C-4151-94D2-90EEEAE432EA}.Debug|Any CPU.ActiveCfg = Debug|Any CPU
		{D2FF611B-5A7C-4151-94D2-90EEEAE432EA}.Debug|Any CPU.Build.0 = Debug|Any CPU
		{D2FF611B-5A7C-4151-94D2-90EEEAE432EA}.Release|Any CPU.ActiveCfg = Release|Any CPU
		{D2FF611B-5A7C-4151-94D2-90EEEAE432EA}.Release|Any CPU.Build.0 = Release|Any CPU
		{4F6E3D07-55AB-482E-9922-E7327A138CD8}.Debug|Any CPU.ActiveCfg = Debug|Any CPU
		{4F6E3D07-55AB-482E-9922-E7327A138CD8}.Debug|Any CPU.Build.0 = Debug|Any CPU
		{4F6E3D07-55AB-482E-9922-E7327A138CD8}.Release|Any CPU.ActiveCfg = Release|Any CPU
		{4F6E3D07-55AB-482E-9922-E7327A138CD8}.Release|Any CPU.Build.0 = Release|Any CPU
		{C0A4E415-B63E-4D7B-BF81-FF2C116A1905}.Debug|Any CPU.ActiveCfg = Debug|Any CPU
		{C0A4E415-B63E-4D7B-BF81-FF2C116A1905}.Debug|Any CPU.Build.0 = Debug|Any CPU
		{C0A4E415-B63E-4D7B-BF81-FF2C116A1905}.Release|Any CPU.ActiveCfg = Release|Any CPU
		{C0A4E415-B63E-4D7B-BF81-FF2C116A1905}.Release|Any CPU.Build.0 = Release|Any CPU
		{F38D7A03-692B-4DB5-97D8-FF56564EFB42}.Debug|Any CPU.ActiveCfg = Debug|Any CPU
		{F38D7A03-692B-4DB5-97D8-FF56564EFB42}.Debug|Any CPU.Build.0 = Debug|Any CPU
		{F38D7A03-692B-4DB5-97D8-FF56564EFB42}.Release|Any CPU.ActiveCfg = Release|Any CPU
		{F38D7A03-692B-4DB5-97D8-FF56564EFB42}.Release|Any CPU.Build.0 = Release|Any CPU
		{7A208DC2-3C78-4DF7-B29E-FF35D528E82E}.Debug|Any CPU.ActiveCfg = Debug|Any CPU
		{7A208DC2-3C78-4DF7-B29E-FF35D528E82E}.Debug|Any CPU.Build.0 = Debug|Any CPU
		{7A208DC2-3C78-4DF7-B29E-FF35D528E82E}.Release|Any CPU.ActiveCfg = Release|Any CPU
		{7A208DC2-3C78-4DF7-B29E-FF35D528E82E}.Release|Any CPU.Build.0 = Release|Any CPU
		{6A921018-8F9B-4471-A962-8206C784AA87}.Debug|Any CPU.ActiveCfg = Debug|Any CPU
		{6A921018-8F9B-4471-A962-8206C784AA87}.Debug|Any CPU.Build.0 = Debug|Any CPU
		{6A921018-8F9B-4471-A962-8206C784AA87}.Release|Any CPU.ActiveCfg = Release|Any CPU
		{6A921018-8F9B-4471-A962-8206C784AA87}.Release|Any CPU.Build.0 = Release|Any CPU
		{37326324-0DCB-46CA-B61B-EA9D76174C17}.Debug|Any CPU.ActiveCfg = Debug|Any CPU
		{37326324-0DCB-46CA-B61B-EA9D76174C17}.Debug|Any CPU.Build.0 = Debug|Any CPU
		{37326324-0DCB-46CA-B61B-EA9D76174C17}.Release|Any CPU.ActiveCfg = Release|Any CPU
		{37326324-0DCB-46CA-B61B-EA9D76174C17}.Release|Any CPU.Build.0 = Release|Any CPU
		{A66DD8B9-56A5-4176-A19F-6B5D59821EBD}.Debug|Any CPU.ActiveCfg = Debug|Any CPU
		{A66DD8B9-56A5-4176-A19F-6B5D59821EBD}.Debug|Any CPU.Build.0 = Debug|Any CPU
		{A66DD8B9-56A5-4176-A19F-6B5D59821EBD}.Release|Any CPU.ActiveCfg = Release|Any CPU
		{A66DD8B9-56A5-4176-A19F-6B5D59821EBD}.Release|Any CPU.Build.0 = Release|Any CPU
		{5B129834-05AB-4504-A7D4-8D1FFB27D0EF}.Debug|Any CPU.ActiveCfg = Debug|Any CPU
		{5B129834-05AB-4504-A7D4-8D1FFB27D0EF}.Debug|Any CPU.Build.0 = Debug|Any CPU
		{5B129834-05AB-4504-A7D4-8D1FFB27D0EF}.Release|Any CPU.ActiveCfg = Release|Any CPU
		{5B129834-05AB-4504-A7D4-8D1FFB27D0EF}.Release|Any CPU.Build.0 = Release|Any CPU
	EndGlobalSection
	GlobalSection(SolutionProperties) = preSolution
		HideSolutionNode = FALSE
	EndGlobalSection
	GlobalSection(ExtensibilityGlobals) = postSolution
		SolutionGuid = {0C5295D8-6B09-4031-B900-6206B67EA2BD}
	EndGlobalSection
EndGlobal
